
Microsoft Visual Studio Solution File, Format Version 12.00
# Visual Studio Version 16
VisualStudioVersion = 16.0.30907.101
MinimumVisualStudioVersion = 10.0.40219.1
Project("{FAE04EC0-301F-11D3-BF4B-00C04F79EFBC}") = "ClientSide", "ClientSide\ClientSide.csproj", "{06F96A20-7367-4969-BB20-516BFEEE0223}"
EndProject
Global
	GlobalSection(SolutionConfigurationPlatforms) = preSolution
		Debug|Any CPU = Debug|Any CPU
		Release|Any CPU = Release|Any CPU
	EndGlobalSection
	GlobalSection(ProjectConfigurationPlatforms) = postSolution
		{06F96A20-7367-4969-BB20-516BFEEE0223}.Debug|Any CPU.ActiveCfg = Debug|Any CPU
		{06F96A20-7367-4969-BB20-516BFEEE0223}.Debug|Any CPU.Build.0 = Debug|Any CPU
		{06F96A20-7367-4969-BB20-516BFEEE0223}.Release|Any CPU.ActiveCfg = Release|Any CPU
		{06F96A20-7367-4969-BB20-516BFEEE0223}.Release|Any CPU.Build.0 = Release|Any CPU
	EndGlobalSection
	GlobalSection(SolutionProperties) = preSolution
		HideSolutionNode = FALSE
	EndGlobalSection
	GlobalSection(ExtensibilityGlobals) = postSolution
		SolutionGuid = {9D019AC5-185E-46D9-9ECB-3DFF2281C8DC}
	EndGlobalSection
EndGlobal
